
Microsoft Visual Studio Solution File, Format Version 12.00
# Visual Studio Version 17
VisualStudioVersion = 17.13.35825.156 d17.13
MinimumVisualStudioVersion = 10.0.40219.1
Project("{54A90642-561A-4BB1-A94E-469ADEE60C69}") = "simpletodo.client", "simpletodo.client\simpletodo.client.esproj", "{B526C465-18D0-9347-D303-0AF717B51E28}"
EndProject
Project("{FAE04EC0-301F-11D3-BF4B-00C04F79EFBC}") = "SimpleToDo.Server", "SimpleToDo.Server\SimpleToDo.Server.csproj", "{73957ACF-DC1C-40E4-9415-8E6AC6479A80}"
EndProject
Global
	GlobalSection(SolutionConfigurationPlatforms) = preSolution
		Debug|Any CPU = Debug|Any CPU
		Release|Any CPU = Release|Any CPU
	EndGlobalSection
	GlobalSection(ProjectConfigurationPlatforms) = postSolution
		{B526C465-18D0-9347-D303-0AF717B51E28}.Debug|Any CPU.ActiveCfg = Debug|Any CPU
		{B526C465-18D0-9347-D303-0AF717B51E28}.Debug|Any CPU.Build.0 = Debug|Any CPU
		{B526C465-18D0-9347-D303-0AF717B51E28}.Debug|Any CPU.Deploy.0 = Debug|Any CPU
		{B526C465-18D0-9347-D303-0AF717B51E28}.Release|Any CPU.ActiveCfg = Release|Any CPU
		{B526C465-18D0-9347-D303-0AF717B51E28}.Release|Any CPU.Build.0 = Release|Any CPU
		{B526C465-18D0-9347-D303-0AF717B51E28}.Release|Any CPU.Deploy.0 = Release|Any CPU
		{73957ACF-DC1C-40E4-9415-8E6AC6479A80}.Debug|Any CPU.ActiveCfg = Debug|Any CPU
		{73957ACF-DC1C-40E4-9415-8E6AC6479A80}.Debug|Any CPU.Build.0 = Debug|Any CPU
		{73957ACF-DC1C-40E4-9415-8E6AC6479A80}.Release|Any CPU.ActiveCfg = Release|Any CPU
		{73957ACF-DC1C-40E4-9415-8E6AC6479A80}.Release|Any CPU.Build.0 = Release|Any CPU
	EndGlobalSection
	GlobalSection(SolutionProperties) = preSolution
		HideSolutionNode = FALSE
	EndGlobalSection
	GlobalSection(ExtensibilityGlobals) = postSolution
		SolutionGuid = {EF9C6F22-76B6-44D5-A7D5-94950D42DEBD}
	EndGlobalSection
EndGlobal
